
Microsoft Visual Studio Solution File, Format Version 12.00
# Visual Studio Version 17
VisualStudioVersion = 17.0.31903.59
MinimumVisualStudioVersion = 10.0.40219.1
Project("{2150E333-8FDC-42A3-9474-1A3956D46DE8}") = "CliCloud.Domain", "CliCloud.Domain", "{777F5674-AFC0-69D6-68FB-79C6013A2D66}"
EndProject
Project("{FAE04EC0-301F-11D3-BF4B-00C04F79EFBC}") = "CliCloud.Domain", "CliCloud.Domain\CliCloud.Domain.csproj", "{57714D34-8D44-4864-B46B-D2A35A65936C}"
EndProject
Project("{FAE04EC0-301F-11D3-BF4B-00C04F79EFBC}") = "CliCloud.Application", "CliCloud.Application\CliCloud.Application.csproj", "{E431944F-C9AE-4F1C-8043-43CD79AF3910}"
EndProject
Project("{FAE04EC0-301F-11D3-BF4B-00C04F79EFBC}") = "CliCloud.Infrastructure", "CliCloud.Infrastructure\CliCloud.Infrastructure.csproj", "{5A80BD80-BCC5-4909-A1C0-FDB0472A0297}"
EndProject
Project("{FAE04EC0-301F-11D3-BF4B-00C04F79EFBC}") = "CliCloud.WebApi", "CliCloud.WebApi\CliCloud.WebApi.csproj", "{67E037ED-3FCC-4EFF-B24E-5EBCE47E4BA5}"
EndProject
Project("{FAE04EC0-301F-11D3-BF4B-00C04F79EFBC}") = "CliCloud.ICDImport", "CliCloud.ICDImport\CliCloud.ICDImport.csproj", "{7F2816F1-1D02-4F55-BB1A-EFDF70FA2C43}"
EndProject
Global
	GlobalSection(SolutionConfigurationPlatforms) = preSolution
		Debug|Any CPU = Debug|Any CPU
		Debug|x64 = Debug|x64
		Debug|x86 = Debug|x86
		Release|Any CPU = Release|Any CPU
		Release|x64 = Release|x64
		Release|x86 = Release|x86
	EndGlobalSection
	GlobalSection(ProjectConfigurationPlatforms) = postSolution
		{57714D34-8D44-4864-B46B-D2A35A65936C}.Debug|Any CPU.ActiveCfg = Debug|Any CPU
		{57714D34-8D44-4864-B46B-D2A35A65936C}.Debug|Any CPU.Build.0 = Debug|Any CPU
		{57714D34-8D44-4864-B46B-D2A35A65936C}.Debug|x64.ActiveCfg = Debug|Any CPU
		{57714D34-8D44-4864-B46B-D2A35A65936C}.Debug|x64.Build.0 = Debug|Any CPU
		{57714D34-8D44-4864-B46B-D2A35A65936C}.Debug|x86.ActiveCfg = Debug|Any CPU
		{57714D34-8D44-4864-B46B-D2A35A65936C}.Debug|x86.Build.0 = Debug|Any CPU
		{57714D34-8D44-4864-B46B-D2A35A65936C}.Release|Any CPU.ActiveCfg = Release|Any CPU
		{57714D34-8D44-4864-B46B-D2A35A65936C}.Release|Any CPU.Build.0 = Release|Any CPU
		{57714D34-8D44-4864-B46B-D2A35A65936C}.Release|x64.ActiveCfg = Release|Any CPU
		{57714D34-8D44-4864-B46B-D2A35A65936C}.Release|x64.Build.0 = Release|Any CPU
		{57714D34-8D44-4864-B46B-D2A35A65936C}.Release|x86.ActiveCfg = Release|Any CPU
		{57714D34-8D44-4864-B46B-D2A35A65936C}.Release|x86.Build.0 = Release|Any CPU
		{E431944F-C9AE-4F1C-8043-43CD79AF3910}.Debug|Any CPU.ActiveCfg = Debug|Any CPU
		{E431944F-C9AE-4F1C-8043-43CD79AF3910}.Debug|Any CPU.Build.0 = Debug|Any CPU
		{E431944F-C9AE-4F1C-8043-43CD79AF3910}.Debug|x64.ActiveCfg = Debug|Any CPU
		{E431944F-C9AE-4F1C-8043-43CD79AF3910}.Debug|x64.Build.0 = Debug|Any CPU
		{E431944F-C9AE-4F1C-8043-43CD79AF3910}.Debug|x86.ActiveCfg = Debug|Any CPU
		{E431944F-C9AE-4F1C-8043-43CD79AF3910}.Debug|x86.Build.0 = Debug|Any CPU
		{E431944F-C9AE-4F1C-8043-43CD79AF3910}.Release|Any CPU.ActiveCfg = Release|Any CPU
		{E431944F-C9AE-4F1C-8043-43CD79AF3910}.Release|Any CPU.Build.0 = Release|Any CPU
		{E431944F-C9AE-4F1C-8043-43CD79AF3910}.Release|x64.ActiveCfg = Release|Any CPU
		{E431944F-C9AE-4F1C-8043-43CD79AF3910}.Release|x64.Build.0 = Release|Any CPU
		{E431944F-C9AE-4F1C-8043-43CD79AF3910}.Release|x86.ActiveCfg = Release|Any CPU
		{E431944F-C9AE-4F1C-8043-43CD79AF3910}.Release|x86.Build.0 = Release|Any CPU
		{5A80BD80-BCC5-4909-A1C0-FDB0472A0297}.Debug|Any CPU.ActiveCfg = Debug|Any CPU
		{5A80BD80-BCC5-4909-A1C0-FDB0472A0297}.Debug|Any CPU.Build.0 = Debug|Any CPU
		{5A80BD80-BCC5-4909-A1C0-FDB0472A0297}.Debug|x64.ActiveCfg = Debug|Any CPU
		{5A80BD80-BCC5-4909-A1C0-FDB0472A0297}.Debug|x64.Build.0 = Debug|Any CPU
		{5A80BD80-BCC5-4909-A1C0-FDB0472A0297}.Debug|x86.ActiveCfg = Debug|Any CPU
		{5A80BD80-BCC5-4909-A1C0-FDB0472A0297}.Debug|x86.Build.0 = Debug|Any CPU
		{5A80BD80-BCC5-4909-A1C0-FDB0472A0297}.Release|Any CPU.ActiveCfg = Release|Any CPU
		{5A80BD80-BCC5-4909-A1C0-FDB0472A0297}.Release|Any CPU.Build.0 = Release|Any CPU
		{5A80BD80-BCC5-4909-A1C0-FDB0472A0297}.Release|x64.ActiveCfg = Release|Any CPU
		{5A80BD80-BCC5-4909-A1C0-FDB0472A0297}.Release|x64.Build.0 = Release|Any CPU
		{5A80BD80-BCC5-4909-A1C0-FDB0472A0297}.Release|x86.ActiveCfg = Release|Any CPU
		{5A80BD80-BCC5-4909-A1C0-FDB0472A0297}.Release|x86.Build.0 = Release|Any CPU
		{67E037ED-3FCC-4EFF-B24E-5EBCE47E4BA5}.Debug|Any CPU.ActiveCfg = Debug|Any CPU
		{67E037ED-3FCC-4EFF-B24E-5EBCE47E4BA5}.Debug|Any CPU.Build.0 = Debug|Any CPU
		{67E037ED-3FCC-4EFF-B24E-5EBCE47E4BA5}.Debug|x64.ActiveCfg = Debug|Any CPU
		{67E037ED-3FCC-4EFF-B24E-5EBCE47E4BA5}.Debug|x64.Build.0 = Debug|Any CPU
		{67E037ED-3FCC-4EFF-B24E-5EBCE47E4BA5}.Debug|x86.ActiveCfg = Debug|Any CPU
		{67E037ED-3FCC-4EFF-B24E-5EBCE47E4BA5}.Debug|x86.Build.0 = Debug|Any CPU
		{67E037ED-3FCC-4EFF-B24E-5EBCE47E4BA5}.Release|Any CPU.ActiveCfg = Release|Any CPU
		{67E037ED-3FCC-4EFF-B24E-5EBCE47E4BA5}.Release|Any CPU.Build.0 = Release|Any CPU
		{67E037ED-3FCC-4EFF-B24E-5EBCE47E4BA5}.Release|x64.ActiveCfg = Release|Any CPU
		{67E037ED-3FCC-4EFF-B24E-5EBCE47E4BA5}.Release|x64.Build.0 = Release|Any CPU
		{67E037ED-3FCC-4EFF-B24E-5EBCE47E4BA5}.Release|x86.ActiveCfg = Release|Any CPU
		{67E037ED-3FCC-4EFF-B24E-5EBCE47E4BA5}.Release|x86.Build.0 = Release|Any CPU
		{7F2816F1-1D02-4F55-BB1A-EFDF70FA2C43}.Debug|Any CPU.ActiveCfg = Debug|Any CPU
		{7F2816F1-1D02-4F55-BB1A-EFDF70FA2C43}.Debug|Any CPU.Build.0 = Debug|Any CPU
		{7F2816F1-1D02-4F55-BB1A-EFDF70FA2C43}.Debug|x64.ActiveCfg = Debug|Any CPU
		{7F2816F1-1D02-4F55-BB1A-EFDF70FA2C43}.Debug|x64.Build.0 = Debug|Any CPU
		{7F2816F1-1D02-4F55-BB1A-EFDF70FA2C43}.Debug|x86.ActiveCfg = Debug|Any CPU
		{7F2816F1-1D02-4F55-BB1A-EFDF70FA2C43}.Debug|x86.Build.0 = Debug|Any CPU
		{7F2816F1-1D02-4F55-BB1A-EFDF70FA2C43}.Release|Any CPU.ActiveCfg = Release|Any CPU
		{7F2816F1-1D02-4F55-BB1A-EFDF70FA2C43}.Release|Any CPU.Build.0 = Release|Any CPU
		{7F2816F1-1D02-4F55-BB1A-EFDF70FA2C43}.Release|x64.ActiveCfg = Release|Any CPU
		{7F2816F1-1D02-4F55-BB1A-EFDF70FA2C43}.Release|x64.Build.0 = Release|Any CPU
		{7F2816F1-1D02-4F55-BB1A-EFDF70FA2C43}.Release|x86.ActiveCfg = Release|Any CPU
		{7F2816F1-1D02-4F55-BB1A-EFDF70FA2C43}.Release|x86.Build.0 = Release|Any CPU
	EndGlobalSection
	GlobalSection(SolutionProperties) = preSolution
		HideSolutionNode = FALSE
	EndGlobalSection
	GlobalSection(NestedProjects) = preSolution
		{57714D34-8D44-4864-B46B-D2A35A65936C} = {777F5674-AFC0-69D6-68FB-79C6013A2D66}
		{E431944F-C9AE-4F1C-8043-43CD79AF3910} = {777F5674-AFC0-69D6-68FB-79C6013A2D66}
		{5A80BD80-BCC5-4909-A1C0-FDB0472A0297} = {777F5674-AFC0-69D6-68FB-79C6013A2D66}
		{67E037ED-3FCC-4EFF-B24E-5EBCE47E4BA5} = {777F5674-AFC0-69D6-68FB-79C6013A2D66}
	EndGlobalSection
EndGlobal
